
Microsoft Visual Studio Solution File, Format Version 12.00
# Visual Studio Version 17
VisualStudioVersion = 17.7.34003.232
MinimumVisualStudioVersion = 10.0.40219.1
Project("{9A19103F-16F7-4668-BE54-9A1E7A4F7556}") = "PetPal", "PetPal\PetPal.csproj", "{432AD700-D114-4608-8128-6A69082A10E9}"
EndProject
Project("{2150E333-8FDC-42A3-9474-1A3956D46DE8}") = "Domain", "Domain", "{894B606A-D1E2-45C9-BD1F-450B1035FD10}"
EndProject
Project("{9A19103F-16F7-4668-BE54-9A1E7A4F7556}") = "PetPal.Domain", "PetPal.Domain\PetPal.Domain.csproj", "{B7177670-B4D8-425A-B03E-3ADFF7302993}"
EndProject
Project("{2150E333-8FDC-42A3-9474-1A3956D46DE8}") = "DAL", "DAL", "{56DDFED3-EE66-419F-96E4-A0C17E4CE643}"
EndProject
Project("{9A19103F-16F7-4668-BE54-9A1E7A4F7556}") = "PetPal.DAL", "PetPal.DAL\PetPal.DAL.csproj", "{C36BC616-5D86-42F5-897C-86BF7DA9B2C6}"
EndProject
Project("{2150E333-8FDC-42A3-9474-1A3956D46DE8}") = "Service", "Service", "{79B70526-7134-4D85-B4EE-FD149CD2FEDC}"
EndProject
Project("{FAE04EC0-301F-11D3-BF4B-00C04F79EFBC}") = "PetPal.Service", "PetPal.Service\PetPal.Service.csproj", "{5FA7CDA5-63D8-46D7-A0F4-B6B67B196FA4}"
EndProject
Global
	GlobalSection(SolutionConfigurationPlatforms) = preSolution
		Debug|Any CPU = Debug|Any CPU
		Release|Any CPU = Release|Any CPU
	EndGlobalSection
	GlobalSection(ProjectConfigurationPlatforms) = postSolution
		{432AD700-D114-4608-8128-6A69082A10E9}.Debug|Any CPU.ActiveCfg = Debug|Any CPU
		{432AD700-D114-4608-8128-6A69082A10E9}.Debug|Any CPU.Build.0 = Debug|Any CPU
		{432AD700-D114-4608-8128-6A69082A10E9}.Release|Any CPU.ActiveCfg = Release|Any CPU
		{432AD700-D114-4608-8128-6A69082A10E9}.Release|Any CPU.Build.0 = Release|Any CPU
		{B7177670-B4D8-425A-B03E-3ADFF7302993}.Debug|Any CPU.ActiveCfg = Debug|Any CPU
		{B7177670-B4D8-425A-B03E-3ADFF7302993}.Debug|Any CPU.Build.0 = Debug|Any CPU
		{B7177670-B4D8-425A-B03E-3ADFF7302993}.Release|Any CPU.ActiveCfg = Release|Any CPU
		{B7177670-B4D8-425A-B03E-3ADFF7302993}.Release|Any CPU.Build.0 = Release|Any CPU
		{C36BC616-5D86-42F5-897C-86BF7DA9B2C6}.Debug|Any CPU.ActiveCfg = Debug|Any CPU
		{C36BC616-5D86-42F5-897C-86BF7DA9B2C6}.Debug|Any CPU.Build.0 = Debug|Any CPU
		{C36BC616-5D86-42F5-897C-86BF7DA9B2C6}.Release|Any CPU.ActiveCfg = Release|Any CPU
		{C36BC616-5D86-42F5-897C-86BF7DA9B2C6}.Release|Any CPU.Build.0 = Release|Any CPU
		{5FA7CDA5-63D8-46D7-A0F4-B6B67B196FA4}.Debug|Any CPU.ActiveCfg = Debug|Any CPU
		{5FA7CDA5-63D8-46D7-A0F4-B6B67B196FA4}.Debug|Any CPU.Build.0 = Debug|Any CPU
		{5FA7CDA5-63D8-46D7-A0F4-B6B67B196FA4}.Release|Any CPU.ActiveCfg = Release|Any CPU
		{5FA7CDA5-63D8-46D7-A0F4-B6B67B196FA4}.Release|Any CPU.Build.0 = Release|Any CPU
	EndGlobalSection
	GlobalSection(SolutionProperties) = preSolution
		HideSolutionNode = FALSE
	EndGlobalSection
	GlobalSection(NestedProjects) = preSolution
		{B7177670-B4D8-425A-B03E-3ADFF7302993} = {894B606A-D1E2-45C9-BD1F-450B1035FD10}
		{C36BC616-5D86-42F5-897C-86BF7DA9B2C6} = {56DDFED3-EE66-419F-96E4-A0C17E4CE643}
		{5FA7CDA5-63D8-46D7-A0F4-B6B67B196FA4} = {79B70526-7134-4D85-B4EE-FD149CD2FEDC}
	EndGlobalSection
	GlobalSection(ExtensibilityGlobals) = postSolution
		SolutionGuid = {5C44EB8F-387E-4132-A492-C19D3A1D4D71}
	EndGlobalSection
EndGlobal
